// !$*UTF8*$!
{
	archiveVersion = 1;
	classes = {
	};
	objectVersion = 55;
	objects = {

/* Begin PBXBuildFile section */
		04032AFC28B15B1500ED62F4 /* SwiftUI_WeatherApp.swift in Sources */ = {isa = PBXBuildFile; fileRef = 04032AFB28B15B1500ED62F4 /* SwiftUI_WeatherApp.swift */; };
		04032AFE28B15B1500ED62F4 /* ContentView.swift in Sources */ = {isa = PBXBuildFile; fileRef = 04032AFD28B15B1500ED62F4 /* ContentView.swift */; };
		04032B0028B15B1D00ED62F4 /* Assets.xcassets in Resources */ = {isa = PBXBuildFile; fileRef = 04032AFF28B15B1D00ED62F4 /* Assets.xcassets */; };
		04032B0328B15B1E00ED62F4 /* Preview Assets.xcassets in Resources */ = {isa = PBXBuildFile; fileRef = 04032B0228B15B1E00ED62F4 /* Preview Assets.xcassets */; };
		04032B0D28B15B1E00ED62F4 /* SwiftUI_WeatherTests.swift in Sources */ = {isa = PBXBuildFile; fileRef = 04032B0C28B15B1E00ED62F4 /* SwiftUI_WeatherTests.swift */; };
		04032B1728B15B1E00ED62F4 /* SwiftUI_WeatherUITests.swift in Sources */ = {isa = PBXBuildFile; fileRef = 04032B1628B15B1E00ED62F4 /* SwiftUI_WeatherUITests.swift */; };
		04032B1928B15B1E00ED62F4 /* SwiftUI_WeatherUITestsLaunchTests.swift in Sources */ = {isa = PBXBuildFile; fileRef = 04032B1828B15B1E00ED62F4 /* SwiftUI_WeatherUITestsLaunchTests.swift */; };
/* End PBXBuildFile section */

/* Begin PBXContainerItemProxy section */
		04032B0928B15B1E00ED62F4 /* PBXContainerItemProxy */ = {
			isa = PBXContainerItemProxy;
			containerPortal = 04032AF028B15B1500ED62F4 /* Project object */;
			proxyType = 1;
			remoteGlobalIDString = 04032AF728B15B1500ED62F4;
			remoteInfo = "SwiftUI-Weather";
		};
		04032B1328B15B1E00ED62F4 /* PBXContainerItemProxy */ = {
			isa = PBXContainerItemProxy;
			containerPortal = 04032AF028B15B1500ED62F4 /* Project object */;
			proxyType = 1;
			remoteGlobalIDString = 04032AF728B15B1500ED62F4;
			remoteInfo = "SwiftUI-Weather";
		};
/* End PBXContainerItemProxy section */

/* Begin PBXFileReference section */
		04032AF828B15B1500ED62F4 /* SwiftUI-Weather.app */ = {isa = PBXFileReference; explicitFileType = wrapper.application; includeInIndex = 0; path = "SwiftUI-Weather.app"; sourceTree = BUILT_PRODUCTS_DIR; };
		04032AFB28B15B1500ED62F4 /* SwiftUI_WeatherApp.swift */ = {isa = PBXFileReference; lastKnownFileType = sourcecode.swift; path = SwiftUI_WeatherApp.swift; sourceTree = "<group>"; };
		04032AFD28B15B1500ED62F4 /* ContentView.swift */ = {isa = PBXFileReference; lastKnownFileType = sourcecode.swift; path = ContentView.swift; sourceTree = "<group>"; };
		04032AFF28B15B1D00ED62F4 /* Assets.xcassets */ = {isa = PBXFileReference; lastKnownFileType = folder.assetcatalog; path = Assets.xcassets; sourceTree = "<group>"; };
		04032B0228B15B1E00ED62F4 /* Preview Assets.xcassets */ = {isa = PBXFileReference; lastKnownFileType = folder.assetcatalog; path = "Preview Assets.xcassets"; sourceTree = "<group>"; };
		04032B0828B15B1E00ED62F4 /* SwiftUI-WeatherTests.xctest */ = {isa = PBXFileReference; explicitFileType = wrapper.cfbundle; includeInIndex = 0; path = "SwiftUI-WeatherTests.xctest"; sourceTree = BUILT_PRODUCTS_DIR; };
		04032B0C28B15B1E00ED62F4 /* SwiftUI_WeatherTests.swift */ = {isa = PBXFileReference; lastKnownFileType = sourcecode.swift; path = SwiftUI_WeatherTests.swift; sourceTree = "<group>"; };
		04032B1228B15B1E00ED62F4 /* SwiftUI-WeatherUITests.xctest */ = {isa = PBXFileReference; explicitFileType = wrapper.cfbundle; includeInIndex = 0; path = "SwiftUI-WeatherUITests.xctest"; sourceTree = BUILT_PRODUCTS_DIR; };
		04032B1628B15B1E00ED62F4 /* SwiftUI_WeatherUITests.swift */ = {isa = PBXFileReference; lastKnownFileType = sourcecode.swift; path = SwiftUI_WeatherUITests.swift; sourceTree = "<group>"; };
		04032B1828B15B1E00ED62F4 /* SwiftUI_WeatherUITestsLaunchTests.swift */ = {isa = PBXFileReference; lastKnownFileType = sourcecode.swift; path = SwiftUI_WeatherUITestsLaunchTests.swift; sourceTree = "<group>"; };
/* End PBXFileReference section */

/* Begin PBXFrameworksBuildPhase section */
		04032AF528B15B1500ED62F4 /* Frameworks */ = {
			isa = PBXFrameworksBuildPhase;
			buildActionMask = 2147483647;
			files = (
			);
			runOnlyForDeploymentPostprocessing = 0;
		};
		04032B0528B15B1E00ED62F4 /* Frameworks */ = {
			isa = PBXFrameworksBuildPhase;
			buildActionMask = 2147483647;
			files = (
			);
			runOnlyForDeploymentPostprocessing = 0;
		};
		04032B0F28B15B1E00ED62F4 /* Frameworks */ = {
			isa = PBXFrameworksBuildPhase;
			buildActionMask = 2147483647;
			files = (
			);
			runOnlyForDeploymentPostprocessing = 0;
		};
/* End PBXFrameworksBuildPhase section */

/* Begin PBXGroup section */
		04032AEF28B15B1500ED62F4 = {
			isa = PBXGroup;
			children = (
				04032AFA28B15B1500ED62F4 /* SwiftUI-Weather */,
				04032B0B28B15B1E00ED62F4 /* SwiftUI-WeatherTests */,
				04032B1528B15B1E00ED62F4 /* SwiftUI-WeatherUITests */,
				04032AF928B15B1500ED62F4 /* Products */,
			);
			sourceTree = "<group>";
		};
		04032AF928B15B1500ED62F4 /* Products */ = {
			isa = PBXGroup;
			children = (
				04032AF828B15B1500ED62F4 /* SwiftUI-Weather.app */,
				04032B0828B15B1E00ED62F4 /* SwiftUI-WeatherTests.xctest */,
				04032B1228B15B1E00ED62F4 /* SwiftUI-WeatherUITests.xctest */,
			);
			name = Products;
			sourceTree = "<group>";
		};
		04032AFA28B15B1500ED62F4 /* SwiftUI-Weather */ = {
			isa = PBXGroup;
			children = (
				04032AFB28B15B1500ED62F4 /* SwiftUI_WeatherApp.swift */,
				04032AFD28B15B1500ED62F4 /* ContentView.swift */,
				04032AFF28B15B1D00ED62F4 /* Assets.xcassets */,
				04032B0128B15B1E00ED62F4 /* Preview Content */,
			);
			path = "SwiftUI-Weather";
			sourceTree = "<group>";
		};
		04032B0128B15B1E00ED62F4 /* Preview Content */ = {
			isa = PBXGroup;
			children = (
				04032B0228B15B1E00ED62F4 /* Preview Assets.xcassets */,
			);
			path = "Preview Content";
			sourceTree = "<group>";
		};
		04032B0B28B15B1E00ED62F4 /* SwiftUI-WeatherTests */ = {
			isa = PBXGroup;
			children = (
				04032B0C28B15B1E00ED62F4 /* SwiftUI_WeatherTests.swift */,
			);
			path = "SwiftUI-WeatherTests";
			sourceTree = "<group>";
		};
		04032B1528B15B1E00ED62F4 /* SwiftUI-WeatherUITests */ = {
			isa = PBXGroup;
			children = (
				04032B1628B15B1E00ED62F4 /* SwiftUI_WeatherUITests.swift */,
				04032B1828B15B1E00ED62F4 /* SwiftUI_WeatherUITestsLaunchTests.swift */,
			);
			path = "SwiftUI-WeatherUITests";
			sourceTree = "<group>";
		};
/* End PBXGroup section */

/* Begin PBXNativeTarget section */
		04032AF728B15B1500ED62F4 /* SwiftUI-Weather */ = {
			isa = PBXNativeTarget;
			buildConfigurationList = 04032B1C28B15B1E00ED62F4 /* Build configuration list for PBXNativeTarget "SwiftUI-Weather" */;
			buildPhases = (
				04032AF428B15B1500ED62F4 /* Sources */,
				04032AF528B15B1500ED62F4 /* Frameworks */,
				04032AF628B15B1500ED62F4 /* Resources */,
			);
			buildRules = (
			);
			dependencies = (
			);
			name = "SwiftUI-Weather";
			productName = "SwiftUI-Weather";
			productReference = 04032AF828B15B1500ED62F4 /* SwiftUI-Weather.app */;
			productType = "com.apple.product-type.application";
		};
		04032B0728B15B1E00ED62F4 /* SwiftUI-WeatherTests */ = {
			isa = PBXNativeTarget;
			buildConfigurationList = 04032B1F28B15B1E00ED62F4 /* Build configuration list for PBXNativeTarget "SwiftUI-WeatherTests" */;
			buildPhases = (
				04032B0428B15B1E00ED62F4 /* Sources */,
				04032B0528B15B1E00ED62F4 /* Frameworks */,
				04032B0628B15B1E00ED62F4 /* Resources */,
			);
			buildRules = (
			);
			dependencies = (
				04032B0A28B15B1E00ED62F4 /* PBXTargetDependency */,
			);
			name = "SwiftUI-WeatherTests";
			productName = "SwiftUI-WeatherTests";
			productReference = 04032B0828B15B1E00ED62F4 /* SwiftUI-WeatherTests.xctest */;
			productType = "com.apple.product-type.bundle.unit-test";
		};
		04032B1128B15B1E00ED62F4 /* SwiftUI-WeatherUITests */ = {
			isa = PBXNativeTarget;
			buildConfigurationList = 04032B2228B15B1E00ED62F4 /* Build configuration list for PBXNativeTarget "SwiftUI-WeatherUITests" */;
			buildPhases = (
				04032B0E28B15B1E00ED62F4 /* Sources */,
				04032B0F28B15B1E00ED62F4 /* Frameworks */,
				04032B1028B15B1E00ED62F4 /* Resources */,
			);
			buildRules = (
			);
			dependencies = (
				04032B1428B15B1E00ED62F4 /* PBXTargetDependency */,
			);
			name = "SwiftUI-WeatherUITests";
			productName = "SwiftUI-WeatherUITests";
			productReference = 04032B1228B15B1E00ED62F4 /* SwiftUI-WeatherUITests.xctest */;
			productType = "com.apple.product-type.bundle.ui-testing";
		};
/* End PBXNativeTarget section */

/* Begin PBXProject section */
		04032AF028B15B1500ED62F4 /* Project object */ = {
			isa = PBXProject;
			attributes = {
				BuildIndependentTargetsInParallel = 1;
				LastSwiftUpdateCheck = 1340;
				LastUpgradeCheck = 1340;
				TargetAttributes = {
					04032AF728B15B1500ED62F4 = {
						CreatedOnToolsVersion = 13.4.1;
					};
					04032B0728B15B1E00ED62F4 = {
						CreatedOnToolsVersion = 13.4.1;
						TestTargetID = 04032AF728B15B1500ED62F4;
					};
					04032B1128B15B1E00ED62F4 = {
						CreatedOnToolsVersion = 13.4.1;
						TestTargetID = 04032AF728B15B1500ED62F4;
					};
				};
			};
			buildConfigurationList = 04032AF328B15B1500ED62F4 /* Build configuration list for PBXProject "SwiftUI-Weather" */;
			compatibilityVersion = "Xcode 13.0";
			developmentRegion = en;
			hasScannedForEncodings = 0;
			knownRegions = (
				en,
				Base,
			);
			mainGroup = 04032AEF28B15B1500ED62F4;
			productRefGroup = 04032AF928B15B1500ED62F4 /* Products */;
			projectDirPath = "";
			projectRoot = "";
			targets = (
				04032AF728B15B1500ED62F4 /* SwiftUI-Weather */,
				04032B0728B15B1E00ED62F4 /* SwiftUI-WeatherTests */,
				04032B1128B15B1E00ED62F4 /* SwiftUI-WeatherUITests */,
			);
		};
/* End PBXProject section */

/* Begin PBXResourcesBuildPhase section */
		04032AF628B15B1500ED62F4 /* Resources */ = {
			isa = PBXResourcesBuildPhase;
			buildActionMask = 2147483647;
			files = (
				04032B0328B15B1E00ED62F4 /* Preview Assets.xcassets in Resources */,
				04032B0028B15B1D00ED62F4 /* Assets.xcassets in Resources */,
			);
			runOnlyForDeploymentPostprocessing = 0;
		};
		04032B0628B15B1E00ED62F4 /* Resources */ = {
			isa = PBXResourcesBuildPhase;
			buildActionMask = 2147483647;
			files = (
			);
			runOnlyForDeploymentPostprocessing = 0;
		};
		04032B1028B15B1E00ED62F4 /* Resources */ = {
			isa = PBXResourcesBuildPhase;
			buildActionMask = 2147483647;
			files = (
			);
			runOnlyForDeploymentPostprocessing = 0;
		};
/* End PBXResourcesBuildPhase section */

/* Begin PBXSourcesBuildPhase section */
		04032AF428B15B1500ED62F4 /* Sources */ = {
			isa = PBXSourcesBuildPhase;
			buildActionMask = 2147483647;
			files = (
				04032AFE28B15B1500ED62F4 /* ContentView.swift in Sources */,
				04032AFC28B15B1500ED62F4 /* SwiftUI_WeatherApp.swift in Sources */,
			);
			runOnlyForDeploymentPostprocessing = 0;
		};
		04032B0428B15B1E00ED62F4 /* Sources */ = {
			isa = PBXSourcesBuildPhase;
			buildActionMask = 2147483647;
			files = (
				04032B0D28B15B1E00ED62F4 /* SwiftUI_WeatherTests.swift in Sources */,
			);
			runOnlyForDeploymentPostprocessing = 0;
		};
		04032B0E28B15B1E00ED62F4 /* Sources */ = {
			isa = PBXSourcesBuildPhase;
			buildActionMask = 2147483647;
			files = (
				04032B1728B15B1E00ED62F4 /* SwiftUI_WeatherUITests.swift in Sources */,
				04032B1928B15B1E00ED62F4 /* SwiftUI_WeatherUITestsLaunchTests.swift in Sources */,
			);
			runOnlyForDeploymentPostprocessing = 0;
		};
/* End PBXSourcesBuildPhase section */

/* Begin PBXTargetDependency section */
		04032B0A28B15B1E00ED62F4 /* PBXTargetDependency */ = {
			isa = PBXTargetDependency;
			target = 04032AF728B15B1500ED62F4 /* SwiftUI-Weather */;
			targetProxy = 04032B0928B15B1E00ED62F4 /* PBXContainerItemProxy */;
		};
		04032B1428B15B1E00ED62F4 /* PBXTargetDependency */ = {
			isa = PBXTargetDependency;
			target = 04032AF728B15B1500ED62F4 /* SwiftUI-Weather */;
			targetProxy = 04032B1328B15B1E00ED62F4 /* PBXContainerItemProxy */;
		};
/* End PBXTargetDependency section */

/* Begin XCBuildConfiguration section */
		04032B1A28B15B1E00ED62F4 /* Debug */ = {
			isa = XCBuildConfiguration;
			buildSettings = {
				ALWAYS_SEARCH_USER_PATHS = NO;
				CLANG_ANALYZER_NONNULL = YES;
				CLANG_ANALYZER_NUMBER_OBJECT_CONVERSION = YES_AGGRESSIVE;
				CLANG_CXX_LANGUAGE_STANDARD = "gnu++17";
				CLANG_ENABLE_MODULES = YES;
				CLANG_ENABLE_OBJC_ARC = YES;
				CLANG_ENABLE_OBJC_WEAK = YES;
				CLANG_WARN_BLOCK_CAPTURE_AUTORELEASING = YES;
				CLANG_WARN_BOOL_CONVERSION = YES;
				CLANG_WARN_COMMA = YES;
				CLANG_WARN_CONSTANT_CONVERSION = YES;
				CLANG_WARN_DEPRECATED_OBJC_IMPLEMENTATIONS = YES;
				CLANG_WARN_DIRECT_OBJC_ISA_USAGE = YES_ERROR;
				CLANG_WARN_DOCUMENTATION_COMMENTS = YES;
				CLANG_WARN_EMPTY_BODY = YES;
				CLANG_WARN_ENUM_CONVERSION = YES;
				CLANG_WARN_INFINITE_RECURSION = YES;
				CLANG_WARN_INT_CONVERSION = YES;
				CLANG_WARN_NON_LITERAL_NULL_CONVERSION = YES;
				CLANG_WARN_OBJC_IMPLICIT_RETAIN_SELF = YES;
				CLANG_WARN_OBJC_LITERAL_CONVERSION = YES;
				CLANG_WARN_OBJC_ROOT_CLASS = YES_ERROR;
				CLANG_WARN_QUOTED_INCLUDE_IN_FRAMEWORK_HEADER = YES;
				CLANG_WARN_RANGE_LOOP_ANALYSIS = YES;
				CLANG_WARN_STRICT_PROTOTYPES = YES;
				CLANG_WARN_SUSPICIOUS_MOVE = YES;
				CLANG_WARN_UNGUARDED_AVAILABILITY = YES_AGGRESSIVE;
				CLANG_WARN_UNREACHABLE_CODE = YES;
				CLANG_WARN__DUPLICATE_METHOD_MATCH = YES;
				COPY_PHASE_STRIP = NO;
				DEBUG_INFORMATION_FORMAT = dwarf;
				ENABLE_STRICT_OBJC_MSGSEND = YES;
				ENABLE_TESTABILITY = YES;
				GCC_C_LANGUAGE_STANDARD = gnu11;
				GCC_DYNAMIC_NO_PIC = NO;
				GCC_NO_COMMON_BLOCKS = YES;
				GCC_OPTIMIZATION_LEVEL = 0;
				GCC_PREPROCESSOR_DEFINITIONS = (
					"DEBUG=1",
					"$(inherited)",
				);
				GCC_WARN_64_TO_32_BIT_CONVERSION = YES;
				GCC_WARN_ABOUT_RETURN_TYPE = YES_ERROR;
				GCC_WARN_UNDECLARED_SELECTOR = YES;
				GCC_WARN_UNINITIALIZED_AUTOS = YES_AGGRESSIVE;
				GCC_WARN_UNUSED_FUNCTION = YES;
				GCC_WARN_UNUSED_VARIABLE = YES;
				IPHONEOS_DEPLOYMENT_TARGET = 15.5;
				MTL_ENABLE_DEBUG_INFO = INCLUDE_SOURCE;
				MTL_FAST_MATH = YES;
				ONLY_ACTIVE_ARCH = YES;
				SDKROOT = iphoneos;
				SWIFT_ACTIVE_COMPILATION_CONDITIONS = DEBUG;
				SWIFT_OPTIMIZATION_LEVEL = "-Onone";
			};
			name = Debug;
		};
		04032B1B28B15B1E00ED62F4 /* Release */ = {
			isa = XCBuildConfiguration;
			buildSettings = {
				ALWAYS_SEARCH_USER_PATHS = NO;
				CLANG_ANALYZER_NONNULL = YES;
				CLANG_ANALYZER_NUMBER_OBJECT_CONVERSION = YES_AGGRESSIVE;
				CLANG_CXX_LANGUAGE_STANDARD = "gnu++17";
				CLANG_ENABLE_MODULES = YES;
				CLANG_ENABLE_OBJC_ARC = YES;
				CLANG_ENABLE_OBJC_WEAK = YES;
				CLANG_WARN_BLOCK_CAPTURE_AUTORELEASING = YES;
				CLANG_WARN_BOOL_CONVERSION = YES;
				CLANG_WARN_COMMA = YES;
				CLANG_WARN_CONSTANT_CONVERSION = YES;
				CLANG_WARN_DEPRECATED_OBJC_IMPLEMENTATIONS = YES;
				CLANG_WARN_DIRECT_OBJC_ISA_USAGE = YES_ERROR;
				CLANG_WARN_DOCUMENTATION_COMMENTS = YES;
				CLANG_WARN_EMPTY_BODY = YES;
				CLANG_WARN_ENUM_CONVERSION = YES;
				CLANG_WARN_INFINITE_RECURSION = YES;
				CLANG_WARN_INT_CONVERSION = YES;
				CLANG_WARN_NON_LITERAL_NULL_CONVERSION = YES;
				CLANG_WARN_OBJC_IMPLICIT_RETAIN_SELF = YES;
				CLANG_WARN_OBJC_LITERAL_CONVERSION = YES;
				CLANG_WARN_OBJC_ROOT_CLASS = YES_ERROR;
				CLANG_WARN_QUOTED_INCLUDE_IN_FRAMEWORK_HEADER = YES;
				CLANG_WARN_RANGE_LOOP_ANALYSIS = YES;
				CLANG_WARN_STRICT_PROTOTYPES = YES;
				CLANG_WARN_SUSPICIOUS_MOVE = YES;
				CLANG_WARN_UNGUARDED_AVAILABILITY = YES_AGGRESSIVE;
				CLANG_WARN_UNREACHABLE_CODE = YES;
				CLANG_WARN__DUPLICATE_METHOD_MATCH = YES;
				COPY_PHASE_STRIP = NO;
				DEBUG_INFORMATION_FORMAT = "dwarf-with-dsym";
				ENABLE_NS_ASSERTIONS = NO;
				ENABLE_STRICT_OBJC_MSGSEND = YES;
				GCC_C_LANGUAGE_STANDARD = gnu11;
				GCC_NO_COMMON_BLOCKS = YES;
				GCC_WARN_64_TO_32_BIT_CONVERSION = YES;
				GCC_WARN_ABOUT_RETURN_TYPE = YES_ERROR;
				GCC_WARN_UNDECLARED_SELECTOR = YES;
				GCC_WARN_UNINITIALIZED_AUTOS = YES_AGGRESSIVE;
				GCC_WARN_UNUSED_FUNCTION = YES;
				GCC_WARN_UNUSED_VARIABLE = YES;
				IPHONEOS_DEPLOYMENT_TARGET = 15.5;
				MTL_ENABLE_DEBUG_INFO = NO;
				MTL_FAST_MATH = YES;
				SDKROOT = iphoneos;
				SWIFT_COMPILATION_MODE = wholemodule;
				SWIFT_OPTIMIZATION_LEVEL = "-O";
				VALIDATE_PRODUCT = YES;
			};
			name = Release;
		};
		04032B1D28B15B1E00ED62F4 /* Debug */ = {
			isa = XCBuildConfiguration;
			buildSettings = {
				ASSETCATALOG_COMPILER_APPICON_NAME = AppIcon;
				ASSETCATALOG_COMPILER_GLOBAL_ACCENT_COLOR_NAME = AccentColor;
				CODE_SIGN_STYLE = Automatic;
				CURRENT_PROJECT_VERSION = 1;
				DEVELOPMENT_ASSET_PATHS = "\"SwiftUI-Weather/Preview Content\"";
				DEVELOPMENT_TEAM = HQXRX4B5XP;
				ENABLE_PREVIEWS = YES;
				GENERATE_INFOPLIST_FILE = YES;
				INFOPLIST_KEY_UIApplicationSceneManifest_Generation = YES;
				INFOPLIST_KEY_UIApplicationSupportsIndirectInputEvents = YES;
				INFOPLIST_KEY_UILaunchScreen_Generation = YES;
				INFOPLIST_KEY_UISupportedInterfaceOrientations_iPad = "UIInterfaceOrientationPortrait UIInterfaceOrientationPortraitUpsideDown UIInterfaceOrientationLandscapeLeft UIInterfaceOrientationLandscapeRight";
				INFOPLIST_KEY_UISupportedInterfaceOrientations_iPhone = "UIInterfaceOrientationPortrait UIInterfaceOrientationLandscapeLeft UIInterfaceOrientationLandscapeRight";
				LD_RUNPATH_SEARCH_PATHS = (
					"$(inherited)",
					"@executable_path/Frameworks",
				);
				MARKETING_VERSION = 1.0;
				PRODUCT_BUNDLE_IDENTIFIER = "melioraho.SwiftUI-Weather";
				PRODUCT_NAME = "$(TARGET_NAME)";
				SWIFT_EMIT_LOC_STRINGS = YES;
				SWIFT_VERSION = 5.0;
				TARGETED_DEVICE_FAMILY = "1,2";
			};
			name = Debug;
		};
		04032B1E28B15B1E00ED62F4 /* Release */ = {
			isa = XCBuildConfiguration;
			buildSettings = {
				ASSETCATALOG_COMPILER_APPICON_NAME = AppIcon;
				ASSETCATALOG_COMPILER_GLOBAL_ACCENT_COLOR_NAME = AccentColor;
				CODE_SIGN_STYLE = Automatic;
				CURRENT_PROJECT_VERSION = 1;
				DEVELOPMENT_ASSET_PATHS = "\"SwiftUI-Weather/Preview Content\"";
				DEVELOPMENT_TEAM = HQXRX4B5XP;
				ENABLE_PREVIEWS = YES;
				GENERATE_INFOPLIST_FILE = YES;
				INFOPLIST_KEY_UIApplicationSceneManifest_Generation = YES;
				INFOPLIST_KEY_UIApplicationSupportsIndirectInputEvents = YES;
				INFOPLIST_KEY_UILaunchScreen_Generation = YES;
				INFOPLIST_KEY_UISupportedInterfaceOrientations_iPad = "UIInterfaceOrientationPortrait UIInterfaceOrientationPortraitUpsideDown UIInterfaceOrientationLandscapeLeft UIInterfaceOrientationLandscapeRight";
				INFOPLIST_KEY_UISupportedInterfaceOrientations_iPhone = "UIInterfaceOrientationPortrait UIInterfaceOrientationLandscapeLeft UIInterfaceOrientationLandscapeRight";
				LD_RUNPATH_SEARCH_PATHS = (
					"$(inherited)",
					"@executable_path/Frameworks",
				);
				MARKETING_VERSION = 1.0;
				PRODUCT_BUNDLE_IDENTIFIER = "melioraho.SwiftUI-Weather";
				PRODUCT_NAME = "$(TARGET_NAME)";
				SWIFT_EMIT_LOC_STRINGS = YES;
				SWIFT_VERSION = 5.0;
				TARGETED_DEVICE_FAMILY = "1,2";
			};
			name = Release;
		};
		04032B2028B15B1E00ED62F4 /* Debug */ = {
			isa = XCBuildConfiguration;
			buildSettings = {
				ALWAYS_EMBED_SWIFT_STANDARD_LIBRARIES = YES;
				BUNDLE_LOADER = "$(TEST_HOST)";
				CODE_SIGN_STYLE = Automatic;
				CURRENT_PROJECT_VERSION = 1;
				DEVELOPMENT_TEAM = HQXRX4B5XP;
				GENERATE_INFOPLIST_FILE = YES;
				IPHONEOS_DEPLOYMENT_TARGET = 15.5;
				MARKETING_VERSION = 1.0;
				PRODUCT_BUNDLE_IDENTIFIER = "melioraho.SwiftUI-WeatherTests";
				PRODUCT_NAME = "$(TARGET_NAME)";
				SWIFT_EMIT_LOC_STRINGS = NO;
				SWIFT_VERSION = 5.0;
				TARGETED_DEVICE_FAMILY = "1,2";
				TEST_HOST = "$(BUILT_PRODUCTS_DIR)/SwiftUI-Weather.app/SwiftUI-Weather";
			};
			name = Debug;
		};
		04032B2128B15B1E00ED62F4 /* Release */ = {
			isa = XCBuildConfiguration;
			buildSettings = {
				ALWAYS_EMBED_SWIFT_STANDARD_LIBRARIES = YES;
				BUNDLE_LOADER = "$(TEST_HOST)";
				CODE_SIGN_STYLE = Automatic;
				CURRENT_PROJECT_VERSION = 1;
				DEVELOPMENT_TEAM = HQXRX4B5XP;
				GENERATE_INFOPLIST_FILE = YES;
				IPHONEOS_DEPLOYMENT_TARGET = 15.5;
				MARKETING_VERSION = 1.0;
				PRODUCT_BUNDLE_IDENTIFIER = "melioraho.SwiftUI-WeatherTests";
				PRODUCT_NAME = "$(TARGET_NAME)";
				SWIFT_EMIT_LOC_STRINGS = NO;
				SWIFT_VERSION = 5.0;
				TARGETED_DEVICE_FAMILY = "1,2";
				TEST_HOST = "$(BUILT_PRODUCTS_DIR)/SwiftUI-Weather.app/SwiftUI-Weather";
			};
			name = Release;
		};
		04032B2328B15B1E00ED62F4 /* Debug */ = {
			isa = XCBuildConfiguration;
			buildSettings = {
				ALWAYS_EMBED_SWIFT_STANDARD_LIBRARIES = YES;
				CODE_SIGN_STYLE = Automatic;
				CURRENT_PROJECT_VERSION = 1;
				DEVELOPMENT_TEAM = HQXRX4B5XP;
				GENERATE_INFOPLIST_FILE = YES;
				MARKETING_VERSION = 1.0;
				PRODUCT_BUNDLE_IDENTIFIER = "melioraho.SwiftUI-WeatherUITests";
				PRODUCT_NAME = "$(TARGET_NAME)";
				SWIFT_EMIT_LOC_STRINGS = NO;
				SWIFT_VERSION = 5.0;
				TARGETED_DEVICE_FAMILY = "1,2";
				TEST_TARGET_NAME = "SwiftUI-Weather";
			};
			name = Debug;
		};
		04032B2428B15B1E00ED62F4 /* Release */ = {
			isa = XCBuildConfiguration;
			buildSettings = {
				ALWAYS_EMBED_SWIFT_STANDARD_LIBRARIES = YES;
				CODE_SIGN_STYLE = Automatic;
				CURRENT_PROJECT_VERSION = 1;
				DEVELOPMENT_TEAM = HQXRX4B5XP;
				GENERATE_INFOPLIST_FILE = YES;
				MARKETING_VERSION = 1.0;
				PRODUCT_BUNDLE_IDENTIFIER = "melioraho.SwiftUI-WeatherUITests";
				PRODUCT_NAME = "$(TARGET_NAME)";
				SWIFT_EMIT_LOC_STRINGS = NO;
				SWIFT_VERSION = 5.0;
				TARGETED_DEVICE_FAMILY = "1,2";
				TEST_TARGET_NAME = "SwiftUI-Weather";
			};
			name = Release;
		};
/* End XCBuildConfiguration section */

/* Begin XCConfigurationList section */
		04032AF328B15B1500ED62F4 /* Build configuration list for PBXProject "SwiftUI-Weather" */ = {
			isa = XCConfigurationList;
			buildConfigurations = (
				04032B1A28B15B1E00ED62F4 /* Debug */,
				04032B1B28B15B1E00ED62F4 /* Release */,
			);
			defaultConfigurationIsVisible = 0;
			defaultConfigurationName = Release;
		};
		04032B1C28B15B1E00ED62F4 /* Build configuration list for PBXNativeTarget "SwiftUI-Weather" */ = {
			isa = XCConfigurationList;
			buildConfigurations = (
				04032B1D28B15B1E00ED62F4 /* Debug */,
				04032B1E28B15B1E00ED62F4 /* Release */,
			);
			defaultConfigurationIsVisible = 0;
			defaultConfigurationName = Release;
		};
		04032B1F28B15B1E00ED62F4 /* Build configuration list for PBXNativeTarget "SwiftUI-WeatherTests" */ = {
			isa = XCConfigurationList;
			buildConfigurations = (
				04032B2028B15B1E00ED62F4 /* Debug */,
				04032B2128B15B1E00ED62F4 /* Release */,
			);
			defaultConfigurationIsVisible = 0;
			defaultConfigurationName = Release;
		};
		04032B2228B15B1E00ED62F4 /* Build configuration list for PBXNativeTarget "SwiftUI-WeatherUITests" */ = {
			isa = XCConfigurationList;
			buildConfigurations = (
				04032B2328B15B1E00ED62F4 /* Debug */,
				04032B2428B15B1E00ED62F4 /* Release */,
			);
			defaultConfigurationIsVisible = 0;
			defaultConfigurationName = Release;
		};
/* End XCConfigurationList section */
	};
	rootObject = 04032AF028B15B1500ED62F4 /* Project object */;
}
